Microsoft Visual Studio Solution File, Format Version 12.00
# Visual Studio Version 17
VisualStudioVersion = 17.5.002.0
MinimumVisualStudioVersion = 10.0.40219.1
Project("{9A19103F-16F7-4668-BE54-9A1E7A4F7556}") = "e-saving", "e-saving\e-saving.csproj", "{33820F9C-8ECC-4466-A8E3-2B09D8AF82C5}"
EndProject
Global
	GlobalSection(SolutionConfigurationPlatforms) = preSolution
		Debug|Any CPU = Debug|Any CPU
		Release|Any CPU = Release|Any CPU
	EndGlobalSection
	GlobalSection(ProjectConfigurationPlatforms) = postSolution
		{33820F9C-8ECC-4466-A8E3-2B09D8AF82C5}.Debug|Any CPU.ActiveCfg = Debug|Any CPU
		{33820F9C-8ECC-4466-A8E3-2B09D8AF82C5}.Debug|Any CPU.Build.0 = Debug|Any CPU
		{33820F9C-8ECC-4466-A8E3-2B09D8AF82C5}.Release|Any CPU.ActiveCfg = Release|Any CPU
		{33820F9C-8ECC-4466-A8E3-2B09D8AF82C5}.Release|Any CPU.Build.0 = Release|Any CPU
	EndGlobalSection
	GlobalSection(SolutionProperties) = preSolution
		HideSolutionNode = FALSE
	EndGlobalSection
	GlobalSection(ExtensibilityGlobals) = postSolution
		SolutionGuid = {17C2D82A-EC30-4621-ADC1-4DE23F239348}
	EndGlobalSection
EndGlobal
